
Microsoft Visual Studio Solution File, Format Version 12.00
# Visual Studio Version 17
VisualStudioVersion = 17.3.32929.385
MinimumVisualStudioVersion = 10.0.40219.1
Project("{FAE04EC0-301F-11D3-BF4B-00C04F79EFBC}") = "PrismAppDemo", "PrismAppDemo\PrismAppDemo.csproj", "{8157F99C-599E-4EDC-A31E-86FA3BF2D6C5}"
EndProject
Global
	GlobalSection(SolutionConfigurationPlatforms) = preSolution
		Debug|Any CPU = Debug|Any CPU
		Release|Any CPU = Release|Any CPU
	EndGlobalSection
	GlobalSection(ProjectConfigurationPlatforms) = postSolution
		{8157F99C-599E-4EDC-A31E-86FA3BF2D6C5}.Debug|Any CPU.ActiveCfg = Debug|Any CPU
		{8157F99C-599E-4EDC-A31E-86FA3BF2D6C5}.Debug|Any CPU.Build.0 = Debug|Any CPU
		{8157F99C-599E-4EDC-A31E-86FA3BF2D6C5}.Release|Any CPU.ActiveCfg = Release|Any CPU
		{8157F99C-599E-4EDC-A31E-86FA3BF2D6C5}.Release|Any CPU.Build.0 = Release|Any CPU
	EndGlobalSection
	GlobalSection(SolutionProperties) = preSolution
		HideSolutionNode = FALSE
	EndGlobalSection
	GlobalSection(ExtensibilityGlobals) = postSolution
		SolutionGuid = {85297D91-7512-4784-80F1-36EBFD182589}
	EndGlobalSection
EndGlobal
